
Microsoft Visual Studio Solution File, Format Version 12.00
# Visual Studio Version 17
VisualStudioVersion = 17.5.33627.172
MinimumVisualStudioVersion = 10.0.40219.1
Project("{9A19103F-16F7-4668-BE54-9A1E7A4F7556}") = "SuiteCareers", "SuiteCareers\SuiteCareers.csproj", "{780F8118-9FC4-4638-8C33-6FEA6C874236}"
EndProject
Global
	GlobalSection(SolutionConfigurationPlatforms) = preSolution
		Debug|Any CPU = Debug|Any CPU
		Release|Any CPU = Release|Any CPU
	EndGlobalSection
	GlobalSection(ProjectConfigurationPlatforms) = postSolution
		{780F8118-9FC4-4638-8C33-6FEA6C874236}.Debug|Any CPU.ActiveCfg = Debug|Any CPU
		{780F8118-9FC4-4638-8C33-6FEA6C874236}.Debug|Any CPU.Build.0 = Debug|Any CPU
		{780F8118-9FC4-4638-8C33-6FEA6C874236}.Release|Any CPU.ActiveCfg = Release|Any CPU
		{780F8118-9FC4-4638-8C33-6FEA6C874236}.Release|Any CPU.Build.0 = Release|Any CPU
	EndGlobalSection
	GlobalSection(SolutionProperties) = preSolution
		HideSolutionNode = FALSE
	EndGlobalSection
	GlobalSection(ExtensibilityGlobals) = postSolution
		SolutionGuid = {1B03E8DE-65CE-4C7B-997A-46A11AFD3140}
	EndGlobalSection
EndGlobal
